github.com/WinPooh32/math v1.0.5 h1:w3F/tVyIPjiC0S3uRq+ioXDIjE2/p3n8gd9z0Tkegq4=
github.com/WinPooh32/math v1.0.5/go.mod h1:/1wbgRu0iLftvv22oePIv967br82NfIcRPX5cAyQP6I=
github.com/WinPooh32/series v0.6.1 h1:UvP7abByPQlW6rssXSfpJNoI892imLHUFHrFC/pSrEQ=
github.com/WinPooh32/series v0.6.1/go.mod h1:L2fldNUs+xKcWfwByR2F0eef8ulG/DrTpzlcx42nepQ=
github.com/chewxy/math32 v1.10.1 h1:LFpeY0SLJXeaiej/eIp2L40VYfscTvKh/FSEZ68uMkU=
github.com/chewxy/math32 v1.10.1/go.mod h1:dOB2rcuFrCn6UHrze36WSLVPKtzPMRAQvBvUwkSsLqs=
github.com/davecgh/go-spew v1.1.0/go.mod h1:J7Y8YcW2NihsgmVo/mv3lAwl/skON4iLHjSsI+c5H38=
github.com/davecgh/go-spew v1.1.1 h1:vj9j/u1bqnvCEfJOwUhtlOARqs3+rkHYY13jYWTU97c=
github.com/davecgh/go-spew v1.1.1/go.mod h1:J7Y8YcW2NihsgmVo/mv3lAwl/skON4iLHjSsI+c5H38=
github.com/google/go-cmp v0.5.8 h1:e6P7q2lk1O+qJJb4BtCQXlK8vWEO8V1ZeuEdJNOqZyg=
github.com/google/go-cmp v0.5.8/go.mod h1:17dUlkBOakJ0+DkrSSNjCkIjxS6bF9zb3elmeNGIjoY=
github.com/huandu/go-assert v1.1.5 h1:fjemmA7sSfYHJD7CUqs9qTwwfdNAx7/j2/ZlHXzNB3c=
github.com/huandu/go-assert v1.1.5/go.mod h1:yOLvuqZwmcHIC5rIzrBhT7D3Q9c3GFnd0JrPVhn/06U=
github.com/huandu/go-clone v1.4.1 h1:QQYjiLadyxOvdwgZoH8f1xGkvvf4+Cm8be7fo9W2QQA=
github.com/huandu/go-clone v1.4.1/go.mod h1:ReGivhG6op3GYr+UY3lS6mxjKp7MIGTknuU5TbTVaXE=
github.com/pmezard/go-difflib v1.0.0 h1:4DBwDE0NGyQoBHbLQYPwSUPoCMWR5BEzIk/f1lZbAQM=
github.com/pmezard/go-difflib v1.0.0/go.mod h1:iKH77koFhYxTK1pcRnkKkqfTogsbg7gZNVY4sRDYZ/4=
github.com/stretchr/objx v0.1.0/go.mod h1:HFkY916IF+rwdDfMAkV7OtwuqBVzrE8GR6GFx+wExME=
github.com/stretchr/testify v1.4.0/go.mod h1:j7eGeouHqKxXV5pUuKE4zz7dFj8WfuZ+81PSLYec5m4=
github.com/stretchr/testify v1.8.0 h1:pSgiaMZlXftHpm5L7V1+rVB+AZJydKsMxsQBIJw4PKk=
github.com/viterin/partial v1.0.0 h1:e6z0cWJ+SddpXHoLU4ikIDrsI/ZE+p+hqMsB++8IfwE=
github.com/viterin/partial v1.0.0/go.mod h1:K9y+kVePpmfZN510YNHoUs+6scZ2K7BLojfI8aW2nw0=
github.com/viterin/vek v0.4.0 h1:P34BWVGd3pSZFma9SE+G1pTucMGtw9p79I+Hull/+Ao=
github.com/viterin/vek v0.4.0/go.mod h1:hVXEX7pnI4acHRhtFhmuBapUxhQ3TetMEp68jjxExBs=
golang.org/x/exp v0.0.0-20220907003533-145caa8ea1d0 h1:17k44ji3KFYG94XS5QEFC8pyuOlMh3IoR+vkmTZmJJs=
golang.org/x/exp v0.0.0-20220907003533-145caa8ea1d0/go.mod h1:cyybsKvd6eL0RnXn6p/Grxp8F5bW7iYuBgsNCOHpMYE=
golang.org/x/net v0.5.0 h1:GyT4nK/YDHSqa1c4753ouYCDajOYKTja9Xb/OHtgvSw=
golang.org/x/net v0.5.0/go.mod h1:DivGGAXEgPSlEBzxGzZI+ZLohi+xUj054jfeKui00ws=
golang.org/x/sys v0.4.0 h1:Zr2JFtRQNX3BCZ8YtxRE9hNJYC8J6I1MVbMg6owUp18=
golang.org/x/sys v0.4.0/go.mod h1:oPkhp1MJrh7nUepCBck5+mAzfO9JrbApNNgaTdGDITg=
gonum.org/v1/gonum v0.12.0 h1:xKuo6hzt+gMav00meVPUlXwSdoEJP46BR+wdxQEFK2o=
gonum.org/v1/gonum v0.12.0/go.mod h1:73TDxJfAAHeA8Mk9mf8NlIppyhQNo5GLTcYeqgo2lvY=
gopkg.in/check.v1 v0.0.0-20161208181325-20d25e280405/go.mod h1:Co6ibVJAznAaIkqp8huTwlJQCZ016jof/cbN4VW5Yz0=
gopkg.in/yaml.v2 v2.2.2/go.mod h1:hI93XBmqTisBFMUTm0b8Fm+jr3Dg1NNxqwp+5A1VGuI=
gopkg.in/yaml.v3 v3.0.1 h1:fxVm/GzAzEWqLHuvctI91KS9hhNmmWOoWu0XTYJS7CA=
