github.com/davecgh/go-spew v1.1.1 h1:vj9j/u1bqnvCEfJOwUhtlOARqs3+rkHYY13jYWTU97c=
github.com/davecgh/go-spew v1.1.1/go.mod h1:J7Y8YcW2NihsgmVo/mv3lAwl/skON4iLHjSsI+c5H38=
github.com/gocarina/gocsv v0.0.0-20260926200228-b2c6eb8fefab h1:zMBDFE5FAMuDWBE0a6Ma0p5RAbKNoUeFS0v/j1bAAak=
github.com/gocarina/gocsv v0.0.0-20260926200228-b2c6eb8fefab/go.mod h1:5YoVOkjYAQumqlV356Hj3xeYh4BdZuLE0/nRkf2NKkI=
github.com/petermattis/goid v0.0.0-20260918085751-abfca077860b h1:OzNsuVdSWGwXvWKTtChx9ve89k4cFJ6NxYM4Aw4/f+E=
github.com/petermattis/goid v0.0.0-20260918085751-abfca077860b/go.mod h1:pxMtw7cyUw6B2bRH0ZBANSPg+AoSud1I1iyJHI69jH4=
github.com/pmezard/go-difflib v1.0.0 h1:4DBwDE0NGyQoBHbLQYPwSUPoCMWR5BEzIk/f1lZbAQM=
github.com/pmezard/go-difflib v1.0.0/go.mod h1:iKH77koFhYxTK1pcRnkKkqfTogsbg7gZNVY4sRDYZ/4=
github.com/quant1x/gox v1.27.0 h1:gKqSAJbqLlbbT1ckVQU/nR3iHozDiQ9Nwehl63yOHLE=
github.com/quant1x/gox v1.27.0/go.mod h1:sPy63XwYXcySHIGiTbedwnNNiwUVJHaquvuuJr3vIIg=
github.com/quant1x/num v0.8.2 h1:8yiwS6POA3n28khKL2vxMkAkbU8jaZv+8YDGY6SNALw=
github.com/quant1x/num v0.8.2/go.mod h1:kXT+3dzGlhi+A4FypSbTxTLqFxlKdt4Gi9RAuO0hSik=
github.com/stretchr/testify v1.11.1 h1:7s2iGBzp5EwR7/aIZr8ao5+dra3wiQyKjjFuvgVKu7U=
github.com/stretchr/testify v1.11.1/go.mod h1:wZwfW3scLgRK+23gO65QZefKpKQRnfz6sD981Nm4B6U=
golang.org/x/sys v0.49.0 h1:XbzkgYJHdqh/8m2Uu0W/dQv8nktxx4BFHp1M0gROTXA=
golang.org/x/sys v0.49.0/go.mod h1:hNLxWAXmnKAxqDtdwIYC4bM9oQPEecfsnNMuSxOs3og=
gopkg.in/yaml.v3 v3.0.1 h1:fxVm/GzAzEWqLHuvctI91KS9hhNmmWOoWu0XTYJS7CA=
gopkg.in/yaml.v3 v3.0.1/go.mod h1:K4uyk7z7BCEPqu6E+C64Yfv1cQ7kz7rIZviUmN+EgEM=
